// !$*UTF8*$!
{
	archiveVersion = 1;
	classes = {
	};
	objectVersion = 56;
	objects = {

/* Begin PBXBuildFile section */
		5A27F6752EC7625800C30419 /* daily_token_notification_art.png in Resources */ = {isa = PBXBuildFile; fileRef = 5A27F6762EC7625800C30419 /* daily_token_notification_art.png */; };
		5A27F6772EC7653900C30419 /* dream_journal_notification_art.png in Resources */ = {isa = PBXBuildFile; fileRef = 5A27F6782EC7653900C30419 /* dream_journal_notification_art.png */; };
		5A27F6792EC7653900C30419 /* reality_check_notification_art.png in Resources */ = {isa = PBXBuildFile; fileRef = 5A27F67A2EC7653900C30419 /* reality_check_notification_art.png */; };
		5A27F6812EC8A28000C30419 /* daily_token_notification_attachment.png in Resources */ = {isa = PBXBuildFile; fileRef = 5A27F6802EC8A28000C30419 /* daily_token_notification_attachment.png */; };
		5A27F6832EC8A28000C30419 /* dream_journal_notification_attachment.png in Resources */ = {isa = PBXBuildFile; fileRef = 5A27F6822EC8A28000C30419 /* dream_journal_notification_attachment.png */; };
		5A27F6852EC8A28000C30419 /* reality_check_notification_attachment.png in Resources */ = {isa = PBXBuildFile; fileRef = 5A27F6842EC8A28000C30419 /* reality_check_notification_attachment.png */; };
		5A27F6872EC8B7B000C30419 /* daily_token_notification_attachment.jpg in Resources */ = {isa = PBXBuildFile; fileRef = 5A27F6862EC8B7B000C30419 /* daily_token_notification_attachment.jpg */; };
		5A27F6892EC8B7B000C30419 /* dream_journal_notification_attachment.jpg in Resources */ = {isa = PBXBuildFile; fileRef = 5A27F6882EC8B7B000C30419 /* dream_journal_notification_attachment.jpg */; };
		5A27F68B2EC8B7B000C30419 /* reality_check_notification_attachment.jpg in Resources */ = {isa = PBXBuildFile; fileRef = 5A27F68A2EC8B7B000C30419 /* reality_check_notification_attachment.jpg */; };
		5A27F68D2EC8C8D000C30419 /* AppIcon60x60.png in Resources */ = {isa = PBXBuildFile; fileRef = 5A27F68C2EC8C8D000C30419 /* AppIcon60x60.png */; };
		5A27F68F2EC8C8D000C30419 /* AppIcon60x60@3x.png in Resources */ = {isa = PBXBuildFile; fileRef = 5A27F68E2EC8C8D000C30419 /* AppIcon60x60@3x.png */; };
		5A27F6912F00000100C30419 /* LaunchScreen.storyboard in Resources */ = {isa = PBXBuildFile; fileRef = 5A27F6902F00000100C30419 /* LaunchScreen.storyboard */; };
		5A27F6952F00000200C30419 /* LaunchLogo.png in Resources */ = {isa = PBXBuildFile; fileRef = 5A27F6942F00000200C30419 /* LaunchLogo.png */; };
		5A61C6F82EB7C92900800445 /* dream_dictionary.csv in Resources */ = {isa = PBXBuildFile; fileRef = 5A61C6F72EB7C92900800445 /* dream_dictionary.csv */; };
		5AA21C772EB1C9D0008388EA /* GoogleService-Info.plist in Resources */ = {isa = PBXBuildFile; fileRef = 5AA21C762EB1C9D0008388EA /* GoogleService-Info.plist */; };
		5ACF161B2D419584006B7D10 /* iosAppApp.swift in Sources */ = {isa = PBXBuildFile; fileRef = 5ACF161A2D419584006B7D10 /* iosAppApp.swift */; };
		5ACF161D2D419584006B7D10 /* ContentView.swift in Sources */ = {isa = PBXBuildFile; fileRef = 5ACF161C2D419584006B7D10 /* ContentView.swift */; };
		5ACF161F2D419586006B7D10 /* Assets.xcassets in Resources */ = {isa = PBXBuildFile; fileRef = 5ACF161E2D419586006B7D10 /* Assets.xcassets */; };
		804077F20AE57696A77FEEE0 /* Pods_iosApp.framework in Frameworks */ = {isa = PBXBuildFile; fileRef = C2CF2F6FC9F02A453D9D7571 /* Pods_iosApp.framework */; };
/* End PBXBuildFile section */

/* Begin PBXFileReference section */
		2CBAD9E7EB434A68D80D595B /* Pods-iosApp.debug.xcconfig */ = {isa = PBXFileReference; includeInIndex = 1; lastKnownFileType = text.xcconfig; name = "Pods-iosApp.debug.xcconfig"; path = "Target Support Files/Pods-iosApp/Pods-iosApp.debug.xcconfig"; sourceTree = "<group>"; };
		5A27F6702EB85E7000C30419 /* DreamNorth.storekit */ = {isa = PBXFileReference; lastKnownFileType = text; path = DreamNorth.storekit; sourceTree = "<group>"; };
		5A27F6722EB8657B00C30419 /* StoreKitTestCertificate.cer */ = {isa = PBXFileReference; lastKnownFileType = file; path = StoreKitTestCertificate.cer; sourceTree = "<group>"; };
		5A27F6742EBBD6B800C30419 /* GoogleService-Info.plist */ = {isa = PBXFileReference; lastKnownFileType = text.plist.xml; path = "GoogleService-Info.plist"; sourceTree = "<group>"; };
		5A27F6762EC7625800C30419 /* daily_token_notification_art.png */ = {isa = PBXFileReference; lastKnownFileType = image.png; path = daily_token_notification_art.png; sourceTree = "<group>"; };
		5A27F6782EC7653900C30419 /* dream_journal_notification_art.png */ = {isa = PBXFileReference; lastKnownFileType = image.png; path = dream_journal_notification_art.png; sourceTree = "<group>"; };
		5A27F67A2EC7653900C30419 /* reality_check_notification_art.png */ = {isa = PBXFileReference; lastKnownFileType = image.png; path = reality_check_notification_art.png; sourceTree = "<group>"; };
		5A27F6802EC8A28000C30419 /* daily_token_notification_attachment.png */ = {isa = PBXFileReference; lastKnownFileType = image.png; path = daily_token_notification_attachment.png; sourceTree = "<group>"; };
		5A27F6822EC8A28000C30419 /* dream_journal_notification_attachment.png */ = {isa = PBXFileReference; lastKnownFileType = image.png; path = dream_journal_notification_attachment.png; sourceTree = "<group>"; };
		5A27F6842EC8A28000C30419 /* reality_check_notification_attachment.png */ = {isa = PBXFileReference; lastKnownFileType = image.png; path = reality_check_notification_attachment.png; sourceTree = "<group>"; };
		5A27F6862EC8B7B000C30419 /* daily_token_notification_attachment.jpg */ = {isa = PBXFileReference; lastKnownFileType = image.jpeg; path = daily_token_notification_attachment.jpg; sourceTree = "<group>"; };
		5A27F6882EC8B7B000C30419 /* dream_journal_notification_attachment.jpg */ = {isa = PBXFileReference; lastKnownFileType = image.jpeg; path = dream_journal_notification_attachment.jpg; sourceTree = "<group>"; };
		5A27F68A2EC8B7B000C30419 /* reality_check_notification_attachment.jpg */ = {isa = PBXFileReference; lastKnownFileType = image.jpeg; path = reality_check_notification_attachment.jpg; sourceTree = "<group>"; };
		5A27F68C2EC8C8D000C30419 /* AppIcon60x60.png */ = {isa = PBXFileReference; lastKnownFileType = image.png; path = AppIcon60x60.png; sourceTree = "<group>"; };
		5A27F68E2EC8C8D000C30419 /* AppIcon60x60@3x.png */ = {isa = PBXFileReference; lastKnownFileType = image.png; path = "AppIcon60x60@3x.png"; sourceTree = "<group>"; };
		5A27F6902F00000100C30419 /* LaunchScreen.storyboard */ = {isa = PBXFileReference; lastKnownFileType = file.storyboard; path = LaunchScreen.storyboard; sourceTree = "<group>"; };
		5A27F6942F00000200C30419 /* LaunchLogo.png */ = {isa = PBXFileReference; lastKnownFileType = image.png; path = LaunchLogo.png; sourceTree = "<group>"; };
		5A37C5052D45920E00A9A783 /* Config.xcconfig */ = {isa = PBXFileReference; lastKnownFileType = text.xcconfig; name = Config.xcconfig; path = Configuration/Config.xcconfig; sourceTree = SOURCE_ROOT; };
		5A61C6F72EB7C92900800445 /* dream_dictionary.csv */ = {isa = PBXFileReference; lastKnownFileType = text; path = dream_dictionary.csv; sourceTree = "<group>"; };
		5AA21C762EB1C9D0008388EA /* GoogleService-Info.plist */ = {isa = PBXFileReference; lastKnownFileType = text.plist.xml; path = "GoogleService-Info.plist"; sourceTree = "<group>"; };
		5AA21C782EB1CE38008388EA /* Info.plist */ = {isa = PBXFileReference; lastKnownFileType = text.plist; path = Info.plist; sourceTree = "<group>"; };
		5ACF16172D419584006B7D10 /* iosApp.app */ = {isa = PBXFileReference; explicitFileType = wrapper.application; includeInIndex = 0; path = iosApp.app; sourceTree = BUILT_PRODUCTS_DIR; };
		5ACF161A2D419584006B7D10 /* iosAppApp.swift */ = {isa = PBXFileReference; lastKnownFileType = sourcecode.swift; path = iosAppApp.swift; sourceTree = "<group>"; };
		5ACF161C2D419584006B7D10 /* ContentView.swift */ = {isa = PBXFileReference; lastKnownFileType = sourcecode.swift; path = ContentView.swift; sourceTree = "<group>"; };
		5ACF161E2D419586006B7D10 /* Assets.xcassets */ = {isa = PBXFileReference; lastKnownFileType = folder.assetcatalog; path = Assets.xcassets; sourceTree = "<group>"; };
		5ACF16212D419586006B7D10 /* Preview Assets.xcassets */ = {isa = PBXFileReference; lastKnownFileType = folder.assetcatalog; path = "Preview Assets.xcassets"; sourceTree = "<group>"; };
		9382C117E5374A2FE9BC1E50 /* Pods-iosApp.release.xcconfig */ = {isa = PBXFileReference; includeInIndex = 1; lastKnownFileType = text.xcconfig; name = "Pods-iosApp.release.xcconfig"; path = "Target Support Files/Pods-iosApp/Pods-iosApp.release.xcconfig"; sourceTree = "<group>"; };
		C2CF2F6FC9F02A453D9D7571 /* Pods_iosApp.framework */ = {isa = PBXFileReference; explicitFileType = wrapper.framework; includeInIndex = 0; path = Pods_iosApp.framework; sourceTree = BUILT_PRODUCTS_DIR; };
/* End PBXFileReference section */

/* Begin PBXFrameworksBuildPhase section */
		5ACF16142D419584006B7D10 /* Frameworks */ = {
			isa = PBXFrameworksBuildPhase;
			buildActionMask = 2147483647;
			files = (
				804077F20AE57696A77FEEE0 /* Pods_iosApp.framework in Frameworks */,
			);
			runOnlyForDeploymentPostprocessing = 0;
		};
/* End PBXFrameworksBuildPhase section */

/* Begin PBXGroup section */
		339843813321E941B38F108C /* Frameworks */ = {
			isa = PBXGroup;
			children = (
				C2CF2F6FC9F02A453D9D7571 /* Pods_iosApp.framework */,
			);
			name = Frameworks;
			sourceTree = "<group>";
		};
		5A37C5042D4591A400A9A783 /* Configurations */ = {
			isa = PBXGroup;
			children = (
				5A37C5052D45920E00A9A783 /* Config.xcconfig */,
			);
			path = Configurations;
			sourceTree = "<group>";
		};
		5ACF160E2D419584006B7D10 = {
			isa = PBXGroup;
			children = (
				5A27F6702EB85E7000C30419 /* DreamNorth.storekit */,
				5A27F6722EB8657B00C30419 /* StoreKitTestCertificate.cer */,
				5A37C5042D4591A400A9A783 /* Configurations */,
				5ACF16192D419584006B7D10 /* iosApp */,
				5ACF16182D419584006B7D10 /* Products */,
				9A066D10274B2DA00E9F748A /* Pods */,
				339843813321E941B38F108C /* Frameworks */,
				5AA21C762EB1C9D0008388EA /* GoogleService-Info.plist */,
				5A61C6F72EB7C92900800445 /* dream_dictionary.csv */,
				5A27F6742EBBD6B800C30419 /* GoogleService-Info.plist */,
			);
			sourceTree = "<group>";
		};
		5ACF16182D419584006B7D10 /* Products */ = {
			isa = PBXGroup;
			children = (
				5ACF16172D419584006B7D10 /* iosApp.app */,
			);
			name = Products;
			sourceTree = "<group>";
		};
		5ACF16192D419584006B7D10 /* iosApp */ = {
			isa = PBXGroup;
			children = (
				5AA21C782EB1CE38008388EA /* Info.plist */,
				5A27F6902F00000100C30419 /* LaunchScreen.storyboard */,
				5A27F6942F00000200C30419 /* LaunchLogo.png */,
				5ACF161A2D419584006B7D10 /* iosAppApp.swift */,
				5ACF161C2D419584006B7D10 /* ContentView.swift */,
				5A27F68C2EC8C8D000C30419 /* AppIcon60x60.png */,
				5A27F68E2EC8C8D000C30419 /* AppIcon60x60@3x.png */,
				5A27F6762EC7625800C30419 /* daily_token_notification_art.png */,
				5A27F6782EC7653900C30419 /* dream_journal_notification_art.png */,
				5A27F67A2EC7653900C30419 /* reality_check_notification_art.png */,
				5A27F6802EC8A28000C30419 /* daily_token_notification_attachment.png */,
				5A27F6822EC8A28000C30419 /* dream_journal_notification_attachment.png */,
				5A27F6842EC8A28000C30419 /* reality_check_notification_attachment.png */,
				5A27F6862EC8B7B000C30419 /* daily_token_notification_attachment.jpg */,
				5A27F6882EC8B7B000C30419 /* dream_journal_notification_attachment.jpg */,
				5A27F68A2EC8B7B000C30419 /* reality_check_notification_attachment.jpg */,
				5ACF161E2D419586006B7D10 /* Assets.xcassets */,
				5ACF16202D419586006B7D10 /* Preview Content */,
			);
			path = iosApp;
			sourceTree = "<group>";
		};
		5ACF16202D419586006B7D10 /* Preview Content */ = {
			isa = PBXGroup;
			children = (
				5ACF16212D419586006B7D10 /* Preview Assets.xcassets */,
			);
			path = "Preview Content";
			sourceTree = "<group>";
		};
		9A066D10274B2DA00E9F748A /* Pods */ = {
			isa = PBXGroup;
			children = (
				2CBAD9E7EB434A68D80D595B /* Pods-iosApp.debug.xcconfig */,
				9382C117E5374A2FE9BC1E50 /* Pods-iosApp.release.xcconfig */,
			);
			path = Pods;
			sourceTree = "<group>";
		};
/* End PBXGroup section */

/* Begin PBXNativeTarget section */
		5ACF16162D419584006B7D10 /* iosApp */ = {
			isa = PBXNativeTarget;
			buildConfigurationList = 5ACF16252D419586006B7D10 /* Build configuration list for PBXNativeTarget "iosApp" */;
			buildPhases = (
				1E0E9A55058C17DDD4D53C3E /* [CP] Check Pods Manifest.lock */,
				5A407FAC2EB0774900B0BDA4 /* Run Script */,
				5ACF16132D419584006B7D10 /* Sources */,
				5ACF16142D419584006B7D10 /* Frameworks */,
				5ACF16152D419584006B7D10 /* Resources */,
				5A27F6912EC8E1B000C30419 /* Copy Notification Assets */,
				4AC5060B392F4F21D20EE257 /* [CP] Embed Pods Frameworks */,
				9EF7D100A72BF5959C73A004 /* [CP] Copy Pods Resources */,
				5A27F67D2EC88A0000C30419 /* Remove Blocked Firebase Analytics Artifacts */,
				5A27F67B2EC7700100C30419 /* Upload Crashlytics Symbols */,
			);
			buildRules = (
			);
			dependencies = (
			);
			name = iosApp;
			packageProductDependencies = (
			);
			productName = iosApp;
			productReference = 5ACF16172D419584006B7D10 /* iosApp.app */;
			productType = "com.apple.product-type.application";
		};
/* End PBXNativeTarget section */

/* Begin PBXProject section */
		5ACF160F2D419584006B7D10 /* Project object */ = {
			isa = PBXProject;
			attributes = {
				BuildIndependentTargetsInParallel = 1;
				LastSwiftUpdateCheck = 1520;
				LastUpgradeCheck = 2600;
				TargetAttributes = {
					5ACF16162D419584006B7D10 = {
						CreatedOnToolsVersion = 15.2;
					};
				};
			};
			buildConfigurationList = 5ACF16122D419584006B7D10 /* Build configuration list for PBXProject "iosApp" */;
			compatibilityVersion = "Xcode 14.0";
			developmentRegion = en;
			hasScannedForEncodings = 0;
			knownRegions = (
				en,
				Base,
			);
			mainGroup = 5ACF160E2D419584006B7D10;
			packageReferences = (
			);
			productRefGroup = 5ACF16182D419584006B7D10 /* Products */;
			projectDirPath = "";
			projectRoot = "";
			targets = (
				5ACF16162D419584006B7D10 /* iosApp */,
			);
		};
/* End PBXProject section */

/* Begin PBXResourcesBuildPhase section */
		5ACF16152D419584006B7D10 /* Resources */ = {
			isa = PBXResourcesBuildPhase;
			buildActionMask = 2147483647;
			files = (
				5A61C6F82EB7C92900800445 /* dream_dictionary.csv in Resources */,
				5AA21C772EB1C9D0008388EA /* GoogleService-Info.plist in Resources */,
				5ACF161F2D419586006B7D10 /* Assets.xcassets in Resources */,
				5A27F68D2EC8C8D000C30419 /* AppIcon60x60.png in Resources */,
				5A27F68F2EC8C8D000C30419 /* AppIcon60x60@3x.png in Resources */,
				5A27F6912F00000100C30419 /* LaunchScreen.storyboard in Resources */,
				5A27F6952F00000200C30419 /* LaunchLogo.png in Resources */,
				5A27F6752EC7625800C30419 /* daily_token_notification_art.png in Resources */,
				5A27F6772EC7653900C30419 /* dream_journal_notification_art.png in Resources */,
				5A27F6792EC7653900C30419 /* reality_check_notification_art.png in Resources */,
				5A27F6812EC8A28000C30419 /* daily_token_notification_attachment.png in Resources */,
				5A27F6832EC8A28000C30419 /* dream_journal_notification_attachment.png in Resources */,
				5A27F6852EC8A28000C30419 /* reality_check_notification_attachment.png in Resources */,
				5A27F6872EC8B7B000C30419 /* daily_token_notification_attachment.jpg in Resources */,
				5A27F6892EC8B7B000C30419 /* dream_journal_notification_attachment.jpg in Resources */,
				5A27F68B2EC8B7B000C30419 /* reality_check_notification_attachment.jpg in Resources */,
			);
			runOnlyForDeploymentPostprocessing = 0;
		};
/* End PBXResourcesBuildPhase section */

/* Begin PBXShellScriptBuildPhase section */
		1E0E9A55058C17DDD4D53C3E /* [CP] Check Pods Manifest.lock */ = {
			isa = PBXShellScriptBuildPhase;
			buildActionMask = 2147483647;
			files = (
			);
			inputFileListPaths = (
			);
			inputPaths = (
				"${PODS_PODFILE_DIR_PATH}/Podfile.lock",
				"${PODS_ROOT}/Manifest.lock",
			);
			name = "[CP] Check Pods Manifest.lock";
			outputFileListPaths = (
			);
			outputPaths = (
				"$(DERIVED_FILE_DIR)/Pods-iosApp-checkManifestLockResult.txt",
			);
			runOnlyForDeploymentPostprocessing = 0;
			shellPath = /bin/sh;
			shellScript = "diff \"${PODS_PODFILE_DIR_PATH}/Podfile.lock\" \"${PODS_ROOT}/Manifest.lock\" > /dev/null\nif [ $? != 0 ] ; then\n    # print error to STDERR\n    echo \"error: The sandbox is not in sync with the Podfile.lock. Run 'pod install' or update your CocoaPods installation.\" >&2\n    exit 1\nfi\n# This output is used by Xcode 'outputs' to avoid re-running this script phase.\necho \"SUCCESS\" > \"${SCRIPT_OUTPUT_FILE_0}\"\n";
			showEnvVarsInLog = 0;
		};
		4AC5060B392F4F21D20EE257 /* [CP] Embed Pods Frameworks */ = {
			isa = PBXShellScriptBuildPhase;
			buildActionMask = 2147483647;
			files = (
			);
			inputFileListPaths = (
				"${PODS_ROOT}/Target Support Files/Pods-iosApp/Pods-iosApp-frameworks-${CONFIGURATION}-input-files.xcfilelist",
			);
			name = "[CP] Embed Pods Frameworks";
			outputFileListPaths = (
				"${PODS_ROOT}/Target Support Files/Pods-iosApp/Pods-iosApp-frameworks-${CONFIGURATION}-output-files.xcfilelist",
			);
			runOnlyForDeploymentPostprocessing = 0;
			shellPath = /bin/sh;
			shellScript = "\"${PODS_ROOT}/Target Support Files/Pods-iosApp/Pods-iosApp-frameworks.sh\"\n";
			showEnvVarsInLog = 0;
		};
		5A27F67B2EC7700100C30419 /* Upload Crashlytics Symbols */ = {
			isa = PBXShellScriptBuildPhase;
			buildActionMask = 2147483647;
			files = (
			);
			inputFileListPaths = (
			);
			inputPaths = (
				"${DWARF_DSYM_FOLDER_PATH}/${DWARF_DSYM_FILE_NAME}",
				"${DWARF_DSYM_FOLDER_PATH}/${DWARF_DSYM_FILE_NAME}/Contents/Resources/DWARF/${PRODUCT_NAME}",
				"${DWARF_DSYM_FOLDER_PATH}/${DWARF_DSYM_FILE_NAME}/Contents/Info.plist",
				"$(TARGET_BUILD_DIR)/$(UNLOCALIZED_RESOURCES_FOLDER_PATH)/GoogleService-Info.plist",
				"$(TARGET_BUILD_DIR)/$(EXECUTABLE_PATH)",
				"${DWARF_DSYM_FOLDER_PATH}/${DWARF_DSYM_FILE_NAME}/Contents/Resources/DWARF/${PRODUCT_NAME}.debug.dylib",
			);
			name = "Upload Crashlytics Symbols";
			outputFileListPaths = (
			);
			outputPaths = (
			);
			runOnlyForDeploymentPostprocessing = 0;
			shellPath = /bin/sh;
			shellScript = "\"${PODS_ROOT}/FirebaseCrashlytics/run\"\n";
			showEnvVarsInLog = 0;
		};
		5A27F67D2EC88A0000C30419 /* Remove Blocked Firebase Analytics Artifacts */ = {
			isa = PBXShellScriptBuildPhase;
			buildActionMask = 2147483647;
			files = (
			);
			inputFileListPaths = (
			);
			inputPaths = (
			);
			name = "Remove Blocked Firebase Analytics Artifacts";
			outputFileListPaths = (
			);
			outputPaths = (
			);
			runOnlyForDeploymentPostprocessing = 0;
			shellPath = /bin/sh;
			shellScript = "set -e\nAPP_ROOT=\"${TARGET_BUILD_DIR}/${WRAPPER_NAME}\"\nFRAMEWORKS_DIR=\"${APP_ROOT}/Frameworks\"\nrm -rf \"${FRAMEWORKS_DIR}/FirebaseAnalytics.framework\"\nrm -rf \"${FRAMEWORKS_DIR}/FirebaseInAppMessaging.framework\"\nrm -rf \"${FRAMEWORKS_DIR}/FirebasePerformance.framework\"\nrm -rf \"${FRAMEWORKS_DIR}/GoogleAdsOnDeviceConversion.framework\"\nrm -rf \"${FRAMEWORKS_DIR}/GoogleAppMeasurement.framework\"\nrm -rf \"${FRAMEWORKS_DIR}/GoogleAppMeasurementIdentitySupport.framework\"\nrm -rf \"${FRAMEWORKS_DIR}/GoogleAppMeasurementOnDeviceConversion.framework\"\nrm -rf \"${FRAMEWORKS_DIR}/GoogleMobileAds.framework\"\nrm -rf \"${FRAMEWORKS_DIR}/UserMessagingPlatform.framework\"\nrm -rf \"${APP_ROOT}/Firebase_FirebaseAnalytics.bundle\"\nrm -rf \"${APP_ROOT}/Firebase_FirebaseInAppMessaging_iOS.bundle\"\nrm -rf \"${APP_ROOT}/Firebase_FirebasePerformance.bundle\"\n";
			showEnvVarsInLog = 0;
		};
		5A27F6912EC8E1B000C30419 /* Copy Notification Assets */ = {
			isa = PBXShellScriptBuildPhase;
			buildActionMask = 2147483647;
			files = (
			);
			inputFileListPaths = (
			);
			inputPaths = (
				"${SRCROOT}/iosApp/AppIcon60x60.png",
				"${SRCROOT}/iosApp/AppIcon60x60@3x.png",
				"${SRCROOT}/iosApp/daily_token_notification_art.png",
				"${SRCROOT}/iosApp/dream_journal_notification_art.png",
				"${SRCROOT}/iosApp/reality_check_notification_art.png",
				"${SRCROOT}/iosApp/daily_token_notification_attachment.jpg",
				"${SRCROOT}/iosApp/dream_journal_notification_attachment.jpg",
				"${SRCROOT}/iosApp/reality_check_notification_attachment.jpg",
				"${SRCROOT}/iosApp/daily_token_notification_attachment.png",
				"${SRCROOT}/iosApp/dream_journal_notification_attachment.png",
				"${SRCROOT}/iosApp/reality_check_notification_attachment.png",
			);
			name = "Copy Notification Assets";
			outputFileListPaths = (
			);
			outputPaths = (
			);
			runOnlyForDeploymentPostprocessing = 0;
			shellPath = /bin/sh;
			shellScript = "set -e\nASSET_SOURCE=\"${SRCROOT}/iosApp\"\nfor asset in \\\n  \"AppIcon60x60.png\" \\\n  \"AppIcon60x60@3x.png\" \\\n  \"daily_token_notification_art.png\" \\\n  \"dream_journal_notification_art.png\" \\\n  \"reality_check_notification_art.png\" \\\n  \"daily_token_notification_attachment.jpg\" \\\n  \"dream_journal_notification_attachment.jpg\" \\\n  \"reality_check_notification_attachment.jpg\" \\\n  \"daily_token_notification_attachment.png\" \\\n  \"dream_journal_notification_attachment.png\" \\\n  \"reality_check_notification_attachment.png\"\ndo\n  if [ ! -f \"${ASSET_SOURCE}/${asset}\" ]; then\n    echo \"error: Missing iOS notification asset ${ASSET_SOURCE}/${asset}\" >&2\n    exit 1\n  fi\ndone\n";
			showEnvVarsInLog = 0;
		};
		5A407FAC2EB0774900B0BDA4 /* Run Script */ = {
			isa = PBXShellScriptBuildPhase;
			buildActionMask = 2147483647;
			files = (
			);
			inputFileListPaths = (
			);
			inputPaths = (
			);
			name = "Run Script";
			outputFileListPaths = (
			);
			outputPaths = (
			);
			runOnlyForDeploymentPostprocessing = 0;
			shellPath = /bin/sh;
			shellScript = "\n";
		};
		9EF7D100A72BF5959C73A004 /* [CP] Copy Pods Resources */ = {
			isa = PBXShellScriptBuildPhase;
			buildActionMask = 2147483647;
			files = (
			);
			inputFileListPaths = (
				"${PODS_ROOT}/Target Support Files/Pods-iosApp/Pods-iosApp-resources-${CONFIGURATION}-input-files.xcfilelist",
			);
			name = "[CP] Copy Pods Resources";
			outputFileListPaths = (
				"${PODS_ROOT}/Target Support Files/Pods-iosApp/Pods-iosApp-resources-${CONFIGURATION}-output-files.xcfilelist",
			);
			runOnlyForDeploymentPostprocessing = 0;
			shellPath = /bin/sh;
			shellScript = "\"${PODS_ROOT}/Target Support Files/Pods-iosApp/Pods-iosApp-resources.sh\"\n";
			showEnvVarsInLog = 0;
		};
/* End PBXShellScriptBuildPhase section */

/* Begin PBXSourcesBuildPhase section */
		5ACF16132D419584006B7D10 /* Sources */ = {
			isa = PBXSourcesBuildPhase;
			buildActionMask = 2147483647;
			files = (
				5ACF161D2D419584006B7D10 /* ContentView.swift in Sources */,
				5ACF161B2D419584006B7D10 /* iosAppApp.swift in Sources */,
			);
			runOnlyForDeploymentPostprocessing = 0;
		};
/* End PBXSourcesBuildPhase section */

/* Begin XCBuildConfiguration section */
		5ACF16232D419586006B7D10 /* Debug */ = {
			isa = XCBuildConfiguration;
			buildSettings = {
				ALWAYS_SEARCH_USER_PATHS = NO;
				ASSETCATALOG_COMPILER_GENERATE_SWIFT_ASSET_SYMBOL_EXTENSIONS = YES;
				CLANG_ANALYZER_NONNULL = YES;
				CLANG_ANALYZER_NUMBER_OBJECT_CONVERSION = YES_AGGRESSIVE;
				CLANG_CXX_LANGUAGE_STANDARD = "gnu++20";
				CLANG_ENABLE_MODULES = YES;
				CLANG_ENABLE_OBJC_ARC = YES;
				CLANG_ENABLE_OBJC_WEAK = YES;
				CLANG_WARN_BLOCK_CAPTURE_AUTORELEASING = YES;
				CLANG_WARN_BOOL_CONVERSION = YES;
				CLANG_WARN_COMMA = YES;
				CLANG_WARN_CONSTANT_CONVERSION = YES;
				CLANG_WARN_DEPRECATED_OBJC_IMPLEMENTATIONS = YES;
				CLANG_WARN_DIRECT_OBJC_ISA_USAGE = YES_ERROR;
				CLANG_WARN_DOCUMENTATION_COMMENTS = YES;
				CLANG_WARN_EMPTY_BODY = YES;
				CLANG_WARN_ENUM_CONVERSION = YES;
				CLANG_WARN_INFINITE_RECURSION = YES;
				CLANG_WARN_INT_CONVERSION = YES;
				CLANG_WARN_NON_LITERAL_NULL_CONVERSION = YES;
				CLANG_WARN_OBJC_IMPLICIT_RETAIN_SELF = YES;
				CLANG_WARN_OBJC_LITERAL_CONVERSION = YES;
				CLANG_WARN_OBJC_ROOT_CLASS = YES_ERROR;
				CLANG_WARN_QUOTED_INCLUDE_IN_FRAMEWORK_HEADER = YES;
				CLANG_WARN_RANGE_LOOP_ANALYSIS = YES;
				CLANG_WARN_STRICT_PROTOTYPES = YES;
				CLANG_WARN_SUSPICIOUS_MOVE = YES;
				CLANG_WARN_UNGUARDED_AVAILABILITY = YES_AGGRESSIVE;
				CLANG_WARN_UNREACHABLE_CODE = YES;
				CLANG_WARN__DUPLICATE_METHOD_MATCH = YES;
				COPY_PHASE_STRIP = NO;
				DEBUG_INFORMATION_FORMAT = "dwarf-with-dsym";
				DEVELOPMENT_TEAM = S3Z7LJ98Z5;
				ENABLE_STRICT_OBJC_MSGSEND = YES;
				ENABLE_TESTABILITY = YES;
				ENABLE_USER_SCRIPT_SANDBOXING = YES;
				GCC_C_LANGUAGE_STANDARD = gnu17;
				GCC_DYNAMIC_NO_PIC = NO;
				GCC_NO_COMMON_BLOCKS = YES;
				GCC_OPTIMIZATION_LEVEL = 0;
				GCC_PREPROCESSOR_DEFINITIONS = (
					"DEBUG=1",
					"$(inherited)",
				);
				GCC_WARN_64_TO_32_BIT_CONVERSION = YES;
				GCC_WARN_ABOUT_RETURN_TYPE = YES_ERROR;
				GCC_WARN_UNDECLARED_SELECTOR = YES;
				GCC_WARN_UNINITIALIZED_AUTOS = YES_AGGRESSIVE;
				GCC_WARN_UNUSED_FUNCTION = YES;
				GCC_WARN_UNUSED_VARIABLE = YES;
				IPHONEOS_DEPLOYMENT_TARGET = 17.2;
				LOCALIZATION_PREFERS_STRING_CATALOGS = YES;
				MTL_ENABLE_DEBUG_INFO = INCLUDE_SOURCE;
				MTL_FAST_MATH = YES;
				ONLY_ACTIVE_ARCH = YES;
				SDKROOT = iphoneos;
				STRING_CATALOG_GENERATE_SYMBOLS = YES;
				SWIFT_ACTIVE_COMPILATION_CONDITIONS = "DEBUG $(inherited)";
				SWIFT_OPTIMIZATION_LEVEL = "-Onone";
			};
			name = Debug;
		};
		5ACF16242D419586006B7D10 /* Release */ = {
			isa = XCBuildConfiguration;
			buildSettings = {
				ALWAYS_SEARCH_USER_PATHS = NO;
				ASSETCATALOG_COMPILER_GENERATE_SWIFT_ASSET_SYMBOL_EXTENSIONS = YES;
				CLANG_ANALYZER_NONNULL = YES;
				CLANG_ANALYZER_NUMBER_OBJECT_CONVERSION = YES_AGGRESSIVE;
				CLANG_CXX_LANGUAGE_STANDARD = "gnu++20";
				CLANG_ENABLE_MODULES = YES;
				CLANG_ENABLE_OBJC_ARC = YES;
				CLANG_ENABLE_OBJC_WEAK = YES;
				CLANG_WARN_BLOCK_CAPTURE_AUTORELEASING = YES;
				CLANG_WARN_BOOL_CONVERSION = YES;
				CLANG_WARN_COMMA = YES;
				CLANG_WARN_CONSTANT_CONVERSION = YES;
				CLANG_WARN_DEPRECATED_OBJC_IMPLEMENTATIONS = YES;
				CLANG_WARN_DIRECT_OBJC_ISA_USAGE = YES_ERROR;
				CLANG_WARN_DOCUMENTATION_COMMENTS = YES;
				CLANG_WARN_EMPTY_BODY = YES;
				CLANG_WARN_ENUM_CONVERSION = YES;
				CLANG_WARN_INFINITE_RECURSION = YES;
				CLANG_WARN_INT_CONVERSION = YES;
				CLANG_WARN_NON_LITERAL_NULL_CONVERSION = YES;
				CLANG_WARN_OBJC_IMPLICIT_RETAIN_SELF = YES;
				CLANG_WARN_OBJC_LITERAL_CONVERSION = YES;
				CLANG_WARN_OBJC_ROOT_CLASS = YES_ERROR;
				CLANG_WARN_QUOTED_INCLUDE_IN_FRAMEWORK_HEADER = YES;
				CLANG_WARN_RANGE_LOOP_ANALYSIS = YES;
				CLANG_WARN_STRICT_PROTOTYPES = YES;
				CLANG_WARN_SUSPICIOUS_MOVE = YES;
				CLANG_WARN_UNGUARDED_AVAILABILITY = YES_AGGRESSIVE;
				CLANG_WARN_UNREACHABLE_CODE = YES;
				CLANG_WARN__DUPLICATE_METHOD_MATCH = YES;
				COPY_PHASE_STRIP = NO;
				DEBUG_INFORMATION_FORMAT = "dwarf-with-dsym";
				DEVELOPMENT_TEAM = S3Z7LJ98Z5;
				ENABLE_NS_ASSERTIONS = NO;
				ENABLE_STRICT_OBJC_MSGSEND = YES;
				ENABLE_USER_SCRIPT_SANDBOXING = YES;
				GCC_C_LANGUAGE_STANDARD = gnu17;
				GCC_NO_COMMON_BLOCKS = YES;
				GCC_WARN_64_TO_32_BIT_CONVERSION = YES;
				GCC_WARN_ABOUT_RETURN_TYPE = YES_ERROR;
				GCC_WARN_UNDECLARED_SELECTOR = YES;
				GCC_WARN_UNINITIALIZED_AUTOS = YES_AGGRESSIVE;
				GCC_WARN_UNUSED_FUNCTION = YES;
				GCC_WARN_UNUSED_VARIABLE = YES;
				IPHONEOS_DEPLOYMENT_TARGET = 17.2;
				LOCALIZATION_PREFERS_STRING_CATALOGS = YES;
				MTL_ENABLE_DEBUG_INFO = NO;
				MTL_FAST_MATH = YES;
				SDKROOT = iphoneos;
				STRING_CATALOG_GENERATE_SYMBOLS = YES;
				SWIFT_COMPILATION_MODE = wholemodule;
				VALIDATE_PRODUCT = YES;
			};
			name = Release;
		};
		5ACF16262D419586006B7D10 /* Debug */ = {
			isa = XCBuildConfiguration;
			baseConfigurationReference = 2CBAD9E7EB434A68D80D595B /* Pods-iosApp.debug.xcconfig */;
			buildSettings = {
				ASSETCATALOG_COMPILER_APPICON_NAME = AppIcon;
				ASSETCATALOG_COMPILER_GLOBAL_ACCENT_COLOR_NAME = AccentColor;
				CODE_SIGN_ENTITLEMENTS = iosApp/iosApp.entitlements;
				CODE_SIGN_STYLE = Automatic;
				CURRENT_PROJECT_VERSION = 88;
				DEVELOPMENT_ASSET_PATHS = "\"iosApp/Preview Content\"";
				DEVELOPMENT_TEAM = 9J5J9J3D9R;
				ENABLE_PREVIEWS = YES;
				ENABLE_TESTING_SEARCH_PATHS = YES;
				GENERATE_INFOPLIST_FILE = YES;
				INFOPLIST_FILE = iosApp/Info.plist;
				INFOPLIST_KEY_UIApplicationSceneManifest_Generation = YES;
				INFOPLIST_KEY_UIApplicationSupportsIndirectInputEvents = YES;
				INFOPLIST_KEY_UILaunchScreen_Generation = NO;
				INFOPLIST_KEY_UISupportedInterfaceOrientations_iPad = "UIInterfaceOrientationPortrait UIInterfaceOrientationPortraitUpsideDown UIInterfaceOrientationLandscapeLeft UIInterfaceOrientationLandscapeRight";
				INFOPLIST_KEY_UISupportedInterfaceOrientations_iPhone = "UIInterfaceOrientationPortrait UIInterfaceOrientationLandscapeLeft UIInterfaceOrientationLandscapeRight";
				LD_RUNPATH_SEARCH_PATHS = (
					"$(inherited)",
					"@executable_path/Frameworks",
				);
				MARKETING_VERSION = 1.3.9;
				OTHER_LDFLAGS = (
					"$(inherited)",
					"-Id_classic",
					"-framework",
					JavaScriptCore,
				);
				PRODUCT_BUNDLE_IDENTIFIER = org.ballistic.dreamjournalai;
				PRODUCT_NAME = "$(TARGET_NAME)";
				SWIFT_EMIT_LOC_STRINGS = YES;
				SWIFT_ENABLE_EXPLICIT_MODULES = NO;
				SWIFT_VERSION = 5.0;
				TARGETED_DEVICE_FAMILY = "1,2";
				"WARNING_CFLAGS[arch=*]" = "-Wno-quoted-include-in-framework-header\n";
			};
			name = Debug;
		};
		5ACF16272D419586006B7D10 /* Release */ = {
			isa = XCBuildConfiguration;
			baseConfigurationReference = 9382C117E5374A2FE9BC1E50 /* Pods-iosApp.release.xcconfig */;
			buildSettings = {
				ASSETCATALOG_COMPILER_APPICON_NAME = AppIcon;
				ASSETCATALOG_COMPILER_GLOBAL_ACCENT_COLOR_NAME = AccentColor;
				CODE_SIGN_ENTITLEMENTS = iosApp/iosApp.entitlements;
				CODE_SIGN_STYLE = Automatic;
				CURRENT_PROJECT_VERSION = 88;
				DEVELOPMENT_ASSET_PATHS = "\"iosApp/Preview Content\"";
				DEVELOPMENT_TEAM = 9J5J9J3D9R;
				ENABLE_PREVIEWS = YES;
				ENABLE_TESTING_SEARCH_PATHS = YES;
				GENERATE_INFOPLIST_FILE = YES;
				INFOPLIST_FILE = iosApp/Info.plist;
				INFOPLIST_KEY_UIApplicationSceneManifest_Generation = YES;
				INFOPLIST_KEY_UIApplicationSupportsIndirectInputEvents = YES;
				INFOPLIST_KEY_UILaunchScreen_Generation = NO;
				INFOPLIST_KEY_UISupportedInterfaceOrientations_iPad = "UIInterfaceOrientationPortrait UIInterfaceOrientationPortraitUpsideDown UIInterfaceOrientationLandscapeLeft UIInterfaceOrientationLandscapeRight";
				INFOPLIST_KEY_UISupportedInterfaceOrientations_iPhone = "UIInterfaceOrientationPortrait UIInterfaceOrientationLandscapeLeft UIInterfaceOrientationLandscapeRight";
				LD_RUNPATH_SEARCH_PATHS = (
					"$(inherited)",
					"@executable_path/Frameworks",
				);
				MARKETING_VERSION = 1.3.9;
				ONLY_ACTIVE_ARCH = YES;
				OTHER_LDFLAGS = (
					"$(inherited)",
					"-Id_classic",
					"-framework",
					JavaScriptCore,
				);
				PRODUCT_BUNDLE_IDENTIFIER = org.ballistic.dreamjournalai;
				PRODUCT_NAME = "$(TARGET_NAME)";
				SWIFT_EMIT_LOC_STRINGS = YES;
				SWIFT_ENABLE_EXPLICIT_MODULES = NO;
				SWIFT_VERSION = 5.0;
				TARGETED_DEVICE_FAMILY = "1,2";
			};
			name = Release;
		};
/* End XCBuildConfiguration section */

/* Begin XCConfigurationList section */
		5ACF16122D419584006B7D10 /* Build configuration list for PBXProject "iosApp" */ = {
			isa = XCConfigurationList;
			buildConfigurations = (
				5ACF16232D419586006B7D10 /* Debug */,
				5ACF16242D419586006B7D10 /* Release */,
			);
			defaultConfigurationIsVisible = 0;
			defaultConfigurationName = Release;
		};
		5ACF16252D419586006B7D10 /* Build configuration list for PBXNativeTarget "iosApp" */ = {
			isa = XCConfigurationList;
			buildConfigurations = (
				5ACF16262D419586006B7D10 /* Debug */,
				5ACF16272D419586006B7D10 /* Release */,
			);
			defaultConfigurationIsVisible = 0;
			defaultConfigurationName = Release;
		};
/* End XCConfigurationList section */

	};
	rootObject = 5ACF160F2D419584006B7D10 /* Project object */;
}
